
Microsoft Visual Studio Solution File, Format Version 12.00
# Visual Studio Version 17
VisualStudioVersion = 17.11.35327.3
MinimumVisualStudioVersion = 10.0.40219.1
Project("{9A19103F-16F7-4668-BE54-9A1E7A4F7556}") = "GoldenAnvil.Utility.AccidentalNoise", "GoldenAnvil.Utility.AccidentalNoise\GoldenAnvil.Utility.AccidentalNoise.csproj", "{293ABB31-0CA5-42E2-B324-2250E99E2CD1}"
EndProject
Project("{9A19103F-16F7-4668-BE54-9A1E7A4F7556}") = "GoldenAnvil.Utility", "GoldenAnvil.Utility\GoldenAnvil.Utility.csproj", "{71EC1554-7650-44CD-B30B-D1E5A2AE3C1E}"
EndProject
Project("{9A19103F-16F7-4668-BE54-9A1E7A4F7556}") = "GoldenAnvil.Utility.Windows", "GoldenAnvil.Utility.Windows\GoldenAnvil.Utility.Windows.csproj", "{49EA99AF-8751-46FC-9FED-57FDD8F25E3B}"
EndProject
Project("{FAE04EC0-301F-11D3-BF4B-00C04F79EFBC}") = "GoldenAnvil.Utility.Test", "GoldenAnvil.Utility.Test\GoldenAnvil.Utility.Test.csproj", "{4EFE846A-2862-4F02-AFFF-1CA49AE227BE}"
EndProject
Global
	GlobalSection(SolutionConfigurationPlatforms) = preSolution
		Debug|Any CPU = Debug|Any CPU
		Release|Any CPU = Release|Any CPU
	EndGlobalSection
	GlobalSection(ProjectConfigurationPlatforms) = postSolution
		{293ABB31-0CA5-42E2-B324-2250E99E2CD1}.Debug|Any CPU.ActiveCfg = Debug|Any CPU
		{293ABB31-0CA5-42E2-B324-2250E99E2CD1}.Debug|Any CPU.Build.0 = Debug|Any CPU
		{293ABB31-0CA5-42E2-B324-2250E99E2CD1}.Release|Any CPU.ActiveCfg = Release|Any CPU
		{293ABB31-0CA5-42E2-B324-2250E99E2CD1}.Release|Any CPU.Build.0 = Release|Any CPU
		{71EC1554-7650-44CD-B30B-D1E5A2AE3C1E}.Debug|Any CPU.ActiveCfg = Debug|Any CPU
		{71EC1554-7650-44CD-B30B-D1E5A2AE3C1E}.Debug|Any CPU.Build.0 = Debug|Any CPU
		{71EC1554-7650-44CD-B30B-D1E5A2AE3C1E}.Release|Any CPU.ActiveCfg = Release|Any CPU
		{71EC1554-7650-44CD-B30B-D1E5A2AE3C1E}.Release|Any CPU.Build.0 = Release|Any CPU
		{49EA99AF-8751-46FC-9FED-57FDD8F25E3B}.Debug|Any CPU.ActiveCfg = Debug|Any CPU
		{49EA99AF-8751-46FC-9FED-57FDD8F25E3B}.Debug|Any CPU.Build.0 = Debug|Any CPU
		{49EA99AF-8751-46FC-9FED-57FDD8F25E3B}.Release|Any CPU.ActiveCfg = Release|Any CPU
		{49EA99AF-8751-46FC-9FED-57FDD8F25E3B}.Release|Any CPU.Build.0 = Release|Any CPU
		{4EFE846A-2862-4F02-AFFF-1CA49AE227BE}.Debug|Any CPU.ActiveCfg = Debug|Any CPU
		{4EFE846A-2862-4F02-AFFF-1CA49AE227BE}.Debug|Any CPU.Build.0 = Debug|Any CPU
		{4EFE846A-2862-4F02-AFFF-1CA49AE227BE}.Release|Any CPU.ActiveCfg = Release|Any CPU
		{4EFE846A-2862-4F02-AFFF-1CA49AE227BE}.Release|Any CPU.Build.0 = Release|Any CPU
	EndGlobalSection
	GlobalSection(SolutionProperties) = preSolution
		HideSolutionNode = FALSE
	EndGlobalSection
	GlobalSection(ExtensibilityGlobals) = postSolution
		SolutionGuid = {1DD04C05-6267-45E4-99F3-77BF29D1A132}
	EndGlobalSection
EndGlobal
